Microsoft Visual Studio Solution File, Format Version 12.00
# Visual Studio Version 17
VisualStudioVersion = 17.9.34723.18
MinimumVisualStudioVersion = 10.0.40219.1
Project("{9A19103F-16F7-4668-BE54-9A1E7A4F7556}") = "StaffManager.Desktop", "StaffManager.Desktop\StaffManager.Desktop.csproj", "{AA238BEC-D296-4D2E-BA99-E7A022F6E279}"
EndProject
Project("{9A19103F-16F7-4668-BE54-9A1E7A4F7556}") = "StaffManager.Core", "StaffManager.Core\StaffManager.Core.csproj", "{F0E097CC-BC40-4738-9FA4-01D51800CB20}"
EndProject
Project("{9A19103F-16F7-4668-BE54-9A1E7A4F7556}") = "StaffManager.Console", "StaffManager.Console\StaffManager.Console.csproj", "{1AB216B7-FBDD-48C7-8D42-B6D3FF4D50F4}"
EndProject
Project("{54435603-DBB4-11D2-8724-00A0C9A8B90C}") = "StaffManager.Installer", "StaffManager.Installer\StaffManager.Installer.vdproj", "{FB71F3F1-4825-4B5A-8563-C06356180C6E}"
EndProject
Global
	GlobalSection(SolutionConfigurationPlatforms) = preSolution
		Debug|Any CPU = Debug|Any CPU
		Release|Any CPU = Release|Any CPU
	EndGlobalSection
	GlobalSection(ProjectConfigurationPlatforms) = postSolution
		{AA238BEC-D296-4D2E-BA99-E7A022F6E279}.Debug|Any CPU.ActiveCfg = Debug|Any CPU
		{AA238BEC-D296-4D2E-BA99-E7A022F6E279}.Debug|Any CPU.Build.0 = Debug|Any CPU
		{AA238BEC-D296-4D2E-BA99-E7A022F6E279}.Release|Any CPU.ActiveCfg = Release|Any CPU
		{AA238BEC-D296-4D2E-BA99-E7A022F6E279}.Release|Any CPU.Build.0 = Release|Any CPU
		{F0E097CC-BC40-4738-9FA4-01D51800CB20}.Debug|Any CPU.ActiveCfg = Debug|Any CPU
		{F0E097CC-BC40-4738-9FA4-01D51800CB20}.Debug|Any CPU.Build.0 = Debug|Any CPU
		{F0E097CC-BC40-4738-9FA4-01D51800CB20}.Release|Any CPU.ActiveCfg = Release|Any CPU
		{F0E097CC-BC40-4738-9FA4-01D51800CB20}.Release|Any CPU.Build.0 = Release|Any CPU
		{1AB216B7-FBDD-48C7-8D42-B6D3FF4D50F4}.Debug|Any CPU.ActiveCfg = Debug|Any CPU
		{1AB216B7-FBDD-48C7-8D42-B6D3FF4D50F4}.Debug|Any CPU.Build.0 = Debug|Any CPU
		{1AB216B7-FBDD-48C7-8D42-B6D3FF4D50F4}.Release|Any CPU.ActiveCfg = Release|Any CPU
		{1AB216B7-FBDD-48C7-8D42-B6D3FF4D50F4}.Release|Any CPU.Build.0 = Release|Any CPU
		{FB71F3F1-4825-4B5A-8563-C06356180C6E}.Debug|Any CPU.ActiveCfg = Debug
		{FB71F3F1-4825-4B5A-8563-C06356180C6E}.Release|Any CPU.ActiveCfg = Release
	EndGlobalSection
	GlobalSection(SolutionProperties) = preSolution
		HideSolutionNode = FALSE
	EndGlobalSection
	GlobalSection(ExtensibilityGlobals) = postSolution
		SolutionGuid = {2AB32D81-01D8-481D-8D8B-33D0A0151268}
	EndGlobalSection
EndGlobal
